
Microsoft Visual Studio Solution File, Format Version 12.00
# Visual Studio 2012
Project("{8BC9CEB8-8B4A-11D0-8D11-00A0C91BC942}") = "BACnet Stack Library", "BACnet Stack Library\BACnet Stack Library.vcxproj", "{E9A65567-B028-4278-881D-674604B2E126}"
EndProject
Project("{8BC9CEB8-8B4A-11D0-8D11-00A0C91BC942}") = "BACnet Object Definitions", "BACnet Object Definitions\BACnet Object Definitions.vcxproj", "{6A8668E1-F08E-496B-B624-D6C05001806D}"
EndProject
Project("{8BC9CEB8-8B4A-11D0-8D11-00A0C91BC942}") = "Bacnet Server", "Server\Server.vcxproj", "{EF250061-B9E3-4EEF-8C87-4AB52AF30B3E}"
	ProjectSection(ProjectDependencies) = postProject
		{9D4C3515-CA91-4C54-93DC-9962A3139A38} = {9D4C3515-CA91-4C54-93DC-9962A3139A38}
		{D5BB9ACD-1144-4DF0-8A9A-ED6C4E73E263} = {D5BB9ACD-1144-4DF0-8A9A-ED6C4E73E263}
	EndProjectSection
EndProject
Project("{8BC9CEB8-8B4A-11D0-8D11-00A0C91BC942}") = "BACnet Handler Library", "BACnet Handler Library\BACnet Handler Library.vcxproj", "{9D4C3515-CA91-4C54-93DC-9962A3139A38}"
	ProjectSection(ProjectDependencies) = postProject
		{E9A65567-B028-4278-881D-674604B2E126} = {E9A65567-B028-4278-881D-674604B2E126}
		{6A8668E1-F08E-496B-B624-D6C05001806D} = {6A8668E1-F08E-496B-B624-D6C05001806D}
	EndProjectSection
EndProject
Project("{8BC9CEB8-8B4A-11D0-8D11-00A0C91BC942}") = "ModbusLibrary", "..\..\..\..\modbus\win32\vs2012\modbuslib\modbuslib.vcxproj", "{D5BB9ACD-1144-4DF0-8A9A-ED6C4E73E263}"
EndProject
Global
	GlobalSection(SolutionConfigurationPlatforms) = preSolution
		Debug|Any CPU = Debug|Any CPU
		Debug|Mixed Platforms = Debug|Mixed Platforms
		Debug|Win32 = Debug|Win32
		Release|Any CPU = Release|Any CPU
		Release|Mixed Platforms = Release|Mixed Platforms
		Release|Win32 = Release|Win32
	EndGlobalSection
	GlobalSection(ProjectConfigurationPlatforms) = postSolution
		{E9A65567-B028-4278-881D-674604B2E126}.Debug|Any CPU.ActiveCfg = Debug|Win32
		{E9A65567-B028-4278-881D-674604B2E126}.Debug|Mixed Platforms.ActiveCfg = Debug|Win32
		{E9A65567-B028-4278-881D-674604B2E126}.Debug|Mixed Platforms.Build.0 = Debug|Win32
		{E9A65567-B028-4278-881D-674604B2E126}.Debug|Win32.ActiveCfg = Debug|Win32
		{E9A65567-B028-4278-881D-674604B2E126}.Debug|Win32.Build.0 = Debug|Win32
		{E9A65567-B028-4278-881D-674604B2E126}.Release|Any CPU.ActiveCfg = Release|Win32
		{E9A65567-B028-4278-881D-674604B2E126}.Release|Mixed Platforms.ActiveCfg = Release|Win32
		{E9A65567-B028-4278-881D-674604B2E126}.Release|Mixed Platforms.Build.0 = Release|Win32
		{E9A65567-B028-4278-881D-674604B2E126}.Release|Win32.ActiveCfg = Release|Win32
		{E9A65567-B028-4278-881D-674604B2E126}.Release|Win32.Build.0 = Release|Win32
		{6A8668E1-F08E-496B-B624-D6C05001806D}.Debug|Any CPU.ActiveCfg = Debug|Win32
		{6A8668E1-F08E-496B-B624-D6C05001806D}.Debug|Mixed Platforms.ActiveCfg = Debug|Win32
		{6A8668E1-F08E-496B-B624-D6C05001806D}.Debug|Mixed Platforms.Build.0 = Debug|Win32
		{6A8668E1-F08E-496B-B624-D6C05001806D}.Debug|Win32.ActiveCfg = Debug|Win32
		{6A8668E1-F08E-496B-B624-D6C05001806D}.Debug|Win32.Build.0 = Debug|Win32
		{6A8668E1-F08E-496B-B624-D6C05001806D}.Release|Any CPU.ActiveCfg = Release|Win32
		{6A8668E1-F08E-496B-B624-D6C05001806D}.Release|Mixed Platforms.ActiveCfg = Release|Win32
		{6A8668E1-F08E-496B-B624-D6C05001806D}.Release|Mixed Platforms.Build.0 = Release|Win32
		{6A8668E1-F08E-496B-B624-D6C05001806D}.Release|Win32.ActiveCfg = Release|Win32
		{6A8668E1-F08E-496B-B624-D6C05001806D}.Release|Win32.Build.0 = Release|Win32
		{EF250061-B9E3-4EEF-8C87-4AB52AF30B3E}.Debug|Any CPU.ActiveCfg = Debug|Win32
		{EF250061-B9E3-4EEF-8C87-4AB52AF30B3E}.Debug|Mixed Platforms.ActiveCfg = Debug|Win32
		{EF250061-B9E3-4EEF-8C87-4AB52AF30B3E}.Debug|Mixed Platforms.Build.0 = Debug|Win32
		{EF250061-B9E3-4EEF-8C87-4AB52AF30B3E}.Debug|Win32.ActiveCfg = Debug|Win32
		{EF250061-B9E3-4EEF-8C87-4AB52AF30B3E}.Debug|Win32.Build.0 = Debug|Win32
		{EF250061-B9E3-4EEF-8C87-4AB52AF30B3E}.Release|Any CPU.ActiveCfg = Release|Win32
		{EF250061-B9E3-4EEF-8C87-4AB52AF30B3E}.Release|Mixed Platforms.ActiveCfg = Release|Win32
		{EF250061-B9E3-4EEF-8C87-4AB52AF30B3E}.Release|Mixed Platforms.Build.0 = Release|Win32
		{EF250061-B9E3-4EEF-8C87-4AB52AF30B3E}.Release|Win32.ActiveCfg = Release|Win32
		{EF250061-B9E3-4EEF-8C87-4AB52AF30B3E}.Release|Win32.Build.0 = Release|Win32
		{9D4C3515-CA91-4C54-93DC-9962A3139A38}.Debug|Any CPU.ActiveCfg = Debug|Win32
		{9D4C3515-CA91-4C54-93DC-9962A3139A38}.Debug|Mixed Platforms.ActiveCfg = Debug|Win32
		{9D4C3515-CA91-4C54-93DC-9962A3139A38}.Debug|Mixed Platforms.Build.0 = Debug|Win32
		{9D4C3515-CA91-4C54-93DC-9962A3139A38}.Debug|Win32.ActiveCfg = Debug|Win32
		{9D4C3515-CA91-4C54-93DC-9962A3139A38}.Debug|Win32.Build.0 = Debug|Win32
		{9D4C3515-CA91-4C54-93DC-9962A3139A38}.Release|Any CPU.ActiveCfg = Release|Win32
		{9D4C3515-CA91-4C54-93DC-9962A3139A38}.Release|Mixed Platforms.ActiveCfg = Release|Win32
		{9D4C3515-CA91-4C54-93DC-9962A3139A38}.Release|Mixed Platforms.Build.0 = Release|Win32
		{9D4C3515-CA91-4C54-93DC-9962A3139A38}.Release|Win32.ActiveCfg = Release|Win32
		{9D4C3515-CA91-4C54-93DC-9962A3139A38}.Release|Win32.Build.0 = Release|Win32
		{D5BB9ACD-1144-4DF0-8A9A-ED6C4E73E263}.Debug|Any CPU.ActiveCfg = Debug|Win32
		{D5BB9ACD-1144-4DF0-8A9A-ED6C4E73E263}.Debug|Mixed Platforms.ActiveCfg = Debug|Win32
		{D5BB9ACD-1144-4DF0-8A9A-ED6C4E73E263}.Debug|Mixed Platforms.Build.0 = Debug|Win32
		{D5BB9ACD-1144-4DF0-8A9A-ED6C4E73E263}.Debug|Win32.ActiveCfg = Debug|Win32
		{D5BB9ACD-1144-4DF0-8A9A-ED6C4E73E263}.Debug|Win32.Build.0 = Debug|Win32
		{D5BB9ACD-1144-4DF0-8A9A-ED6C4E73E263}.Release|Any CPU.ActiveCfg = Release|Win32
		{D5BB9ACD-1144-4DF0-8A9A-ED6C4E73E263}.Release|Mixed Platforms.ActiveCfg = Release|Win32
		{D5BB9ACD-1144-4DF0-8A9A-ED6C4E73E263}.Release|Mixed Platforms.Build.0 = Release|Win32
		{D5BB9ACD-1144-4DF0-8A9A-ED6C4E73E263}.Release|Win32.ActiveCfg = Release|Win32
		{D5BB9ACD-1144-4DF0-8A9A-ED6C4E73E263}.Release|Win32.Build.0 = Release|Win32
	EndGlobalSection
	GlobalSection(SolutionProperties) = preSolution
		HideSolutionNode = FALSE
	EndGlobalSection
EndGlobal
